
Microsoft Visual Studio Solution File, Format Version 12.00
# Visual Studio Version 17
VisualStudioVersion = 17.4.33103.184
MinimumVisualStudioVersion = 10.0.40219.1
Project("{2150E333-8FDC-42A3-9474-1A3956D46DE8}") = "API", "API", "{59E2D14B-A63A-49BD-98FE-7F3BA9371D86}"
EndProject
Project("{2150E333-8FDC-42A3-9474-1A3956D46DE8}") = "Data", "Data", "{66FE4BEF-788B-4501-AB16-81A75692D2F9}"
EndProject
Project("{2150E333-8FDC-42A3-9474-1A3956D46DE8}") = "Common", "Common", "{FFE8D115-294B-4044-A989-EB563B8D4027}"
EndProject
Project("{2150E333-8FDC-42A3-9474-1A3956D46DE8}") = "Services", "Services", "{1090D73A-EE5A-4966-84A2-6A73ADD178C6}"
EndProject
Project("{2150E333-8FDC-42A3-9474-1A3956D46DE8}") = "Infrastructure", "Infrastructure", "{9DF8879F-9C42-4025-94C7-3FEA87464211}"
EndProject
Project("{2150E333-8FDC-42A3-9474-1A3956D46DE8}") = "Constants", "Constants", "{17BD3225-9E5F-4783-94FB-92AE71B0E636}"
EndProject
Project("{FAE04EC0-301F-11D3-BF4B-00C04F79EFBC}") = "MappingServices", "API\Common\Services\MappingServices\MappingServices.csproj", "{5BA19AD7-CB23-4CB3-9BD7-3E789C60B9E1}"
EndProject
Project("{FAE04EC0-301F-11D3-BF4B-00C04F79EFBC}") = "CryptographyServices", "API\Common\Services\CryptographyServices\CryptographyServices.csproj", "{B32E5977-96F3-4CCD-9C55-9D740F3828BE}"
EndProject
Project("{FAE04EC0-301F-11D3-BF4B-00C04F79EFBC}") = "IdentityServices", "API\Common\Services\IdentityServices\IdentityServices.csproj", "{3D8BE532-8376-438B-97F1-DCDBBBD9ACA0}"
EndProject
Project("{2150E333-8FDC-42A3-9474-1A3956D46DE8}") = "FitnessAPI", "FitnessAPI", "{DEBDCA6D-A6B6-4E21-B35A-2C1B2DE36CC6}"
EndProject
Project("{2150E333-8FDC-42A3-9474-1A3956D46DE8}") = "Models", "Models", "{41F48699-5465-45AF-97AC-3A752759822B}"
EndProject
Project("{2150E333-8FDC-42A3-9474-1A3956D46DE8}") = "Services", "Services", "{163F7C20-0D3A-4419-9D3C-F5E7C38E6C53}"
EndProject
Project("{FAE04EC0-301F-11D3-BF4B-00C04F79EFBC}") = "Fitness.API", "API\FitnessAPI\Fitness.API\Fitness.API.csproj", "{68067F8C-A907-4CC4-8C51-FD6B64856ED2}"
EndProject
Project("{FAE04EC0-301F-11D3-BF4B-00C04F79EFBC}") = "Fitness.Data", "Fitness.Data\Fitness.Data.csproj", "{D7AF2F96-A024-4A23-B1BA-991A8F322D4D}"
EndProject
Global
	GlobalSection(SolutionConfigurationPlatforms) = preSolution
		Debug|Any CPU = Debug|Any CPU
		Release|Any CPU = Release|Any CPU
	EndGlobalSection
	GlobalSection(ProjectConfigurationPlatforms) = postSolution
		{5BA19AD7-CB23-4CB3-9BD7-3E789C60B9E1}.Debug|Any CPU.ActiveCfg = Debug|Any CPU
		{5BA19AD7-CB23-4CB3-9BD7-3E789C60B9E1}.Debug|Any CPU.Build.0 = Debug|Any CPU
		{5BA19AD7-CB23-4CB3-9BD7-3E789C60B9E1}.Release|Any CPU.ActiveCfg = Release|Any CPU
		{5BA19AD7-CB23-4CB3-9BD7-3E789C60B9E1}.Release|Any CPU.Build.0 = Release|Any CPU
		{B32E5977-96F3-4CCD-9C55-9D740F3828BE}.Debug|Any CPU.ActiveCfg = Debug|Any CPU
		{B32E5977-96F3-4CCD-9C55-9D740F3828BE}.Debug|Any CPU.Build.0 = Debug|Any CPU
		{B32E5977-96F3-4CCD-9C55-9D740F3828BE}.Release|Any CPU.ActiveCfg = Release|Any CPU
		{B32E5977-96F3-4CCD-9C55-9D740F3828BE}.Release|Any CPU.Build.0 = Release|Any CPU
		{3D8BE532-8376-438B-97F1-DCDBBBD9ACA0}.Debug|Any CPU.ActiveCfg = Debug|Any CPU
		{3D8BE532-8376-438B-97F1-DCDBBBD9ACA0}.Debug|Any CPU.Build.0 = Debug|Any CPU
		{3D8BE532-8376-438B-97F1-DCDBBBD9ACA0}.Release|Any CPU.ActiveCfg = Release|Any CPU
		{3D8BE532-8376-438B-97F1-DCDBBBD9ACA0}.Release|Any CPU.Build.0 = Release|Any CPU
		{68067F8C-A907-4CC4-8C51-FD6B64856ED2}.Debug|Any CPU.ActiveCfg = Debug|Any CPU
		{68067F8C-A907-4CC4-8C51-FD6B64856ED2}.Debug|Any CPU.Build.0 = Debug|Any CPU
		{68067F8C-A907-4CC4-8C51-FD6B64856ED2}.Release|Any CPU.ActiveCfg = Release|Any CPU
		{68067F8C-A907-4CC4-8C51-FD6B64856ED2}.Release|Any CPU.Build.0 = Release|Any CPU
		{D7AF2F96-A024-4A23-B1BA-991A8F322D4D}.Debug|Any CPU.ActiveCfg = Debug|Any CPU
		{D7AF2F96-A024-4A23-B1BA-991A8F322D4D}.Debug|Any CPU.Build.0 = Debug|Any CPU
		{D7AF2F96-A024-4A23-B1BA-991A8F322D4D}.Release|Any CPU.ActiveCfg = Release|Any CPU
		{D7AF2F96-A024-4A23-B1BA-991A8F322D4D}.Release|Any CPU.Build.0 = Release|Any CPU
	EndGlobalSection
	GlobalSection(SolutionProperties) = preSolution
		HideSolutionNode = FALSE
	EndGlobalSection
	GlobalSection(NestedProjects) = preSolution
		{FFE8D115-294B-4044-A989-EB563B8D4027} = {59E2D14B-A63A-49BD-98FE-7F3BA9371D86}
		{1090D73A-EE5A-4966-84A2-6A73ADD178C6} = {FFE8D115-294B-4044-A989-EB563B8D4027}
		{9DF8879F-9C42-4025-94C7-3FEA87464211} = {FFE8D115-294B-4044-A989-EB563B8D4027}
		{17BD3225-9E5F-4783-94FB-92AE71B0E636} = {FFE8D115-294B-4044-A989-EB563B8D4027}
		{5BA19AD7-CB23-4CB3-9BD7-3E789C60B9E1} = {1090D73A-EE5A-4966-84A2-6A73ADD178C6}
		{B32E5977-96F3-4CCD-9C55-9D740F3828BE} = {1090D73A-EE5A-4966-84A2-6A73ADD178C6}
		{3D8BE532-8376-438B-97F1-DCDBBBD9ACA0} = {1090D73A-EE5A-4966-84A2-6A73ADD178C6}
		{DEBDCA6D-A6B6-4E21-B35A-2C1B2DE36CC6} = {59E2D14B-A63A-49BD-98FE-7F3BA9371D86}
		{41F48699-5465-45AF-97AC-3A752759822B} = {DEBDCA6D-A6B6-4E21-B35A-2C1B2DE36CC6}
		{163F7C20-0D3A-4419-9D3C-F5E7C38E6C53} = {DEBDCA6D-A6B6-4E21-B35A-2C1B2DE36CC6}
		{68067F8C-A907-4CC4-8C51-FD6B64856ED2} = {DEBDCA6D-A6B6-4E21-B35A-2C1B2DE36CC6}
		{D7AF2F96-A024-4A23-B1BA-991A8F322D4D} = {66FE4BEF-788B-4501-AB16-81A75692D2F9}
	EndGlobalSection
	GlobalSection(ExtensibilityGlobals) = postSolution
		SolutionGuid = {E0915322-DD1C-4659-A9A3-779109D579BB}
	EndGlobalSection
EndGlobal
